
Microsoft Visual Studio Solution File, Format Version 12.00
# Visual Studio Version 16
VisualStudioVersion = 16.0.31105.61
MinimumVisualStudioVersion = 10.0.40219.1
Project("{9A19103F-16F7-4668-BE54-9A1E7A4F7556}") = "Disaris", "Disaris\Disaris.csproj", "{DADAA6C5-DE77-4555-8779-BBC65D874B3E}"
EndProject
Project("{9A19103F-16F7-4668-BE54-9A1E7A4F7556}") = "DisarisInfrastructure", "DisarisInfrastructure\DisarisInfrastructure.csproj", "{60EC44E4-EB09-4A72-BAC1-065A3770B23D}"
EndProject
Global
	GlobalSection(SolutionConfigurationPlatforms) = preSolution
		Debug|Any CPU = Debug|Any CPU
		Release|Any CPU = Release|Any CPU
	EndGlobalSection
	GlobalSection(ProjectConfigurationPlatforms) = postSolution
		{DADAA6C5-DE77-4555-8779-BBC65D874B3E}.Debug|Any CPU.ActiveCfg = Debug|Any CPU
		{DADAA6C5-DE77-4555-8779-BBC65D874B3E}.Debug|Any CPU.Build.0 = Debug|Any CPU
		{DADAA6C5-DE77-4555-8779-BBC65D874B3E}.Release|Any CPU.ActiveCfg = Release|Any CPU
		{DADAA6C5-DE77-4555-8779-BBC65D874B3E}.Release|Any CPU.Build.0 = Release|Any CPU
		{60EC44E4-EB09-4A72-BAC1-065A3770B23D}.Debug|Any CPU.ActiveCfg = Debug|Any CPU
		{60EC44E4-EB09-4A72-BAC1-065A3770B23D}.Debug|Any CPU.Build.0 = Debug|Any CPU
		{60EC44E4-EB09-4A72-BAC1-065A3770B23D}.Release|Any CPU.ActiveCfg = Release|Any CPU
		{60EC44E4-EB09-4A72-BAC1-065A3770B23D}.Release|Any CPU.Build.0 = Release|Any CPU
	EndGlobalSection
	GlobalSection(SolutionProperties) = preSolution
		HideSolutionNode = FALSE
	EndGlobalSection
	GlobalSection(ExtensibilityGlobals) = postSolution
		SolutionGuid = {F1AC523E-A708-4CE3-BAEB-15DF89183C80}
	EndGlobalSection
EndGlobal
